# THIS IS AN AUTOGENERATED FILE. DO NOT EDIT THIS FILE DIRECTLY.
# yarn lockfile v1


"@pennlabs/kittyhawk@^1.1.1":
  version "1.1.1"
  resolved "https://registry.yarnpkg.com/@pennlabs/kittyhawk/-/kittyhawk-1.1.1.tgz#2e2c1c2dd6ca93fbbb4f0552375289a4524a8b93"
  integrity sha512-4b5V9LDx+FLsMsOsl6S+VcwQsa7BzknN0JWB3A/CwNABPJz/Z84KbaXPNLFO4xryT0VVE4NawHUgWAQLLfH2dA==
  dependencies:
    cdk8s "^1.0.0-beta.10"
    constructs "^3.3.161"
    cron-time-generator "^1.3.0"

balanced-match@^1.0.0:
  version "1.0.2"
  resolved "https://registry.yarnpkg.com/balanced-match/-/balanced-match-1.0.2.tgz#e83e3a7e3f300b34cb9d87f615fa0cbf357690ee"
  integrity sha512-3oSeUO0TMV67hN1AmbXsK4yaqU7tjiHlbxRDZOpH0KW9+CeX4bRAaX0Anxt0tx2MrpRpWwQaPwIlISEJhYU5Pw==

brace-expansion@^1.1.7:
  version "1.1.11"
  resolved "https://registry.yarnpkg.com/brace-expansion/-/brace-expansion-1.1.11.tgz#3c7fcbf529d87226f3d2f52b966ff5271eb441dd"
  integrity sha512-iCuPHDFgrHX7H2vEI/5xpz07zSHB00TpugqhmYtVmMO6518mCuRMoOYFldEBl0g187ufozdaHgWKcYFb61qGiA==
  dependencies:
    balanced-match "^1.0.0"
    concat-map "0.0.1"

cdk8s-plus-22@^1.0.0-beta.153:
  version "1.0.0-beta.169"
  resolved "https://registry.yarnpkg.com/cdk8s-plus-22/-/cdk8s-plus-22-1.0.0-beta.169.tgz#6a58e1272c301294c22b8e18434a15121eb5224a"
  integrity sha512-yNWN2VK9HIRvUyk+7/kN3p7Y912TXLnIrciK7kD+zynBw7uuxn49pviCYJ4U99dEFdJMH83YC17DmcO00rAJZw==
  dependencies:
    minimatch "^3.1.2"

cdk8s@^1.0.0-beta.10, cdk8s@^1.5.59:
  version "1.5.59"
  resolved "https://registry.yarnpkg.com/cdk8s/-/cdk8s-1.5.59.tgz#7e906c51c132569190b8b01d4c6f159cbc58e3e8"
  integrity sha512-vXlLLZEPGivkGOZhz08oiX2S+ciOyd7tc8wwElyK2fssEbxxewxqBecn3AAgGFlltSzxkszriCWNjBCF87RUfg==
  dependencies:
    fast-json-patch "^2.2.1"
    follow-redirects "^1.14.9"
    yaml "2.0.0-7"

concat-map@0.0.1:
  version "0.0.1"
  resolved "https://registry.yarnpkg.com/concat-map/-/concat-map-0.0.1.tgz#d8a96bd77fd68df7793a73036a3ba0d5405d477b"
  integrity sha1-2Klr13/Wjfd5OnMDajug1UBdR3s=

constructs@^3.3.161, constructs@^3.3.256:
  version "3.3.256"
  resolved "https://registry.yarnpkg.com/constructs/-/constructs-3.3.256.tgz#fb01b8d79a2c94d0c81393f19ae903a1020825e0"
  integrity sha512-MiWd1+8CX6NXkV/buOi/7pyj4ce/xBc1t5E6JqCQp0WIX2jhDxsUPUCwdD96V8bVrFQ/y0ZR4lZnNvSK/TvG9A==

cron-time-generator@^1.3.0:
  version "1.3.0"
  resolved "https://registry.yarnpkg.com/cron-time-generator/-/cron-time-generator-1.3.0.tgz#4e228117603df6e72c372931ee81f62f3afc071a"
  integrity sha512-1w+26RkhSUOwGMA9AL6abEjCvbFvd5mbHvFpLdj8L83LR0B4j6AH1p2H3Bh90yjThb4nviSRtsk/4qaJQNQblA==

fast-deep-equal@^2.0.1:
  version "2.0.1"
  resolved "https://registry.yarnpkg.com/fast-deep-equal/-/fast-deep-equal-2.0.1.tgz#7b05218ddf9667bf7f370bf7fdb2cb15fdd0aa49"
  integrity sha1-ewUhjd+WZ79/Nwv3/bLLFf3Qqkk=

fast-json-patch@^2.2.1:
  version "2.2.1"
  resolved "https://registry.yarnpkg.com/fast-json-patch/-/fast-json-patch-2.2.1.tgz#18150d36c9ab65c7209e7d4eb113f4f8eaabe6d9"
  integrity sha512-4j5uBaTnsYAV5ebkidvxiLUYOwjQ+JSFljeqfTxCrH9bDmlCQaOJFS84oDJ2rAXZq2yskmk3ORfoP9DCwqFNig==
  dependencies:
    fast-deep-equal "^2.0.1"

follow-redirects@^1.14.9:
  version "1.14.9"
  resolved "https://registry.yarnpkg.com/follow-redirects/-/follow-redirects-1.14.9.tgz#dd4ea157de7bfaf9ea9b3fbd85aa16951f78d8d7"
  integrity sha512-MQDfihBQYMcyy5dhRDJUHcw7lb2Pv/TuE6xP1vyraLukNDHKbDxDNaOE3NbCAdKQApno+GPRyo1YAp89yCjK4w==

minimatch@^3.1.2:
  version "3.1.2"
  resolved "https://registry.yarnpkg.com/minimatch/-/minimatch-3.1.2.tgz#19cd194bfd3e428f049a70817c038d89ab4be35b"
  integrity sha512-J7p63hRiAjw1NDEww1W7i37+ByIrOWO5XQQAzZ3VOcL0PNybwpfmV/N05zFAzwQ9USyEcX6t3UO+K5aqBQOIHw==
  dependencies:
    brace-expansion "^1.1.7"

yaml@2.0.0-7:
  version "2.0.0-7"
  resolved "https://registry.yarnpkg.com/yaml/-/yaml-2.0.0-7.tgz#9799d9d85dfc8f01e4cc425e18e09215364beef1"
  integrity sha512-RbI2Tm3hl9AoHY4wWyWvGvJfFIbHOzuzaxum6ez1A0vve+uXgNor03Wys4t+2sgjJSVSe+B2xerd1/dnvqHlOA==
